# This file is generated by running "yarn install" inside your project.
# Manual changes might be lost - proceed with caution!

__metadata:
  version: 6
  cacheKey: 8

"babel-plugin-react-live@npm:1.2.1":
  version: 1.2.1
  resolution: "babel-plugin-react-live@npm:1.2.1"
  checksum: 2d3bdc7c3a1c85336803e5344f529ad5ac8f1e1ff80f141db20f7da91dfc272f567ee35270f42e7c49769659d96dab51b37e1b93b41ed2da6fc4850fca679b4c
  languageName: node
  linkType: hard

"gatsby-plugin-babel-react-live@workspace:.":
  version: 0.0.0-use.local
  resolution: "gatsby-plugin-babel-react-live@workspace:."
  dependencies:
    babel-plugin-react-live: 1.2.1
  languageName: unknown
  linkType: soft
