# This file is generated by running "yarn install" inside your project.
# Manual changes might be lost - proceed with caution!

__metadata:
  version: 6
  cacheKey: 8

"babel-plugin-react-live@npm:1.3.0":
  version: 1.3.0
  resolution: "babel-plugin-react-live@npm:1.3.0"
  checksum: 96cb3dbbf1b152515e57c3ac3c5d5e2250a8dd5d9764071773b9af223508b172b053fee8770a197631365cbc06c2a0ef318a098f947d6386b0da771dc40bb5fd
  languageName: node
  linkType: hard

"gatsby-plugin-babel-react-live@workspace:.":
  version: 0.0.0-use.local
  resolution: "gatsby-plugin-babel-react-live@workspace:."
  dependencies:
    babel-plugin-react-live: 1.3.0
  languageName: unknown
  linkType: soft
